{
 "graph_lock": {
  "nodes": {
   "0": {
    "options": "",
    "build_requires": [
     "1",
     "3"
    ],
    "path": "conanfile.py",
    "context": "host"
   },
   "1": {
    "ref": "autoconf/2.71",
    "options": "",
    "package_id": "5ab84d6acfe1f23c4fae0ab88f26e3a396351ac9",
    "prev": "0",
    "requires": [
     "2"
    ],
    "context": "host"
   },
   "2": {
    "ref": "m4/1.4.19",
    "options": "",
    "package_id": "24647d9fe8ec489125dfbae4b3ebefaf7581674c",
    "prev": "0",
    "context": "host"
   },
   "3": {
    "ref": "libtool/2.4.6",
    "options": "fPIC=True\nshared=False",
    "package_id": "ed03dd185916c6a62cfea9667c4eb5fa400961da",
    "prev": "0",
    "requires": [
     "4"
    ],
    "context": "host"
   },
   "4": {
    "ref": "automake/1.16.5",
    "options": "",
    "package_id": "258f6f05ca54813b3d7180161753df7f9ccf7e1d",
    "prev": "0",
    "requires": [
     "1"
    ],
    "context": "host"
   }
  },
  "revisions_enabled": false
 },
 "version": "0.4",
 "profile_host": "[settings]\narch=x86_64\narch_build=x86_64\nbuild_type=Release\ncompiler=gcc\ncompiler.libcxx=libstdc++11\ncompiler.version=12\nos=Linux\nos_build=Linux\n[options]\n[build_requires]\n[env]\nCC=/usr/bin/gcc\nCXX=/usr/bin/g++"
}