// !$*UTF8*$!
{
	archiveVersion = 1;
	classes = {
	};
	objectVersion = 55;
	objects = {

/* Begin PBXBuildFile section */
		007288A80F0DA79800C302A9 /* ApplicationServices.framework in Frameworks */ = {isa = PBXBuildFile; fileRef = 007288A60F0DA79800C302A9 /* ApplicationServices.framework */; };
		6313BF532785566D00F268AD /* IMG_qoi.c in Sources */ = {isa = PBXBuildFile; fileRef = 6313BF522785566D00F268AD /* IMG_qoi.c */; };
		6313BF542785566D00F268AD /* IMG_qoi.c in Sources */ = {isa = PBXBuildFile; fileRef = 6313BF522785566D00F268AD /* IMG_qoi.c */; };
		AA23FC7D20A2A1B90017DFB9 /* IMG_svg.c in Sources */ = {isa = PBXBuildFile; fileRef = AA50AA461F9C7C50003B9C0C /* IMG_svg.c */; };
		AA50AA471F9C7C50003B9C0C /* IMG_svg.c in Sources */ = {isa = PBXBuildFile; fileRef = AA50AA461F9C7C50003B9C0C /* IMG_svg.c */; };
		AA579DF2161C07E6005F809B /* IMG_bmp.c in Sources */ = {isa = PBXBuildFile; fileRef = AA579DE2161C07E6005F809B /* IMG_bmp.c */; };
		AA579DF3161C07E7005F809B /* IMG_bmp.c in Sources */ = {isa = PBXBuildFile; fileRef = AA579DE2161C07E6005F809B /* IMG_bmp.c */; };
		AA579DF4161C07E7005F809B /* IMG_gif.c in Sources */ = {isa = PBXBuildFile; fileRef = AA579DE3161C07E6005F809B /* IMG_gif.c */; };
		AA579DF5161C07E7005F809B /* IMG_gif.c in Sources */ = {isa = PBXBuildFile; fileRef = AA579DE3161C07E6005F809B /* IMG_gif.c */; };
		AA579DF6161C07E7005F809B /* IMG_ImageIO.m in Sources */ = {isa = PBXBuildFile; fileRef = AA579DE4161C07E6005F809B /* IMG_ImageIO.m */; };
		AA579DF7161C07E7005F809B /* IMG_ImageIO.m in Sources */ = {isa = PBXBuildFile; fileRef = AA579DE4161C07E6005F809B /* IMG_ImageIO.m */; };
		AA579DF8161C07E7005F809B /* IMG_jpg.c in Sources */ = {isa = PBXBuildFile; fileRef = AA579DE5161C07E6005F809B /* IMG_jpg.c */; };
		AA579DF9161C07E7005F809B /* IMG_jpg.c in Sources */ = {isa = PBXBuildFile; fileRef = AA579DE5161C07E6005F809B /* IMG_jpg.c */; };
		AA579DFA161C07E7005F809B /* IMG_lbm.c in Sources */ = {isa = PBXBuildFile; fileRef = AA579DE6161C07E6005F809B /* IMG_lbm.c */; };
		AA579DFB161C07E7005F809B /* IMG_lbm.c in Sources */ = {isa = PBXBuildFile; fileRef = AA579DE6161C07E6005F809B /* IMG_lbm.c */; };
		AA579DFC161C07E7005F809B /* IMG_pcx.c in Sources */ = {isa = PBXBuildFile; fileRef = AA579DE7161C07E6005F809B /* IMG_pcx.c */; };
		AA579DFD161C07E7005F809B /* IMG_pcx.c in Sources */ = {isa = PBXBuildFile; fileRef = AA579DE7161C07E6005F809B /* IMG_pcx.c */; };
		AA579DFE161C07E7005F809B /* IMG_png.c in Sources */ = {isa = PBXBuildFile; fileRef = AA579DE8161C07E6005F809B /* IMG_png.c */; };
		AA579DFF161C07E7005F809B /* IMG_png.c in Sources */ = {isa = PBXBuildFile; fileRef = AA579DE8161C07E6005F809B /* IMG_png.c */; };
		AA579E00161C07E7005F809B /* IMG_pnm.c in Sources */ = {isa = PBXBuildFile; fileRef = AA579DE9161C07E6005F809B /* IMG_pnm.c */; };
		AA579E01161C07E7005F809B /* IMG_pnm.c in Sources */ = {isa = PBXBuildFile; fileRef = AA579DE9161C07E6005F809B /* IMG_pnm.c */; };
		AA579E02161C07E7005F809B /* IMG_tga.c in Sources */ = {isa = PBXBuildFile; fileRef = AA579DEA161C07E6005F809B /* IMG_tga.c */; };
		AA579E03161C07E7005F809B /* IMG_tga.c in Sources */ = {isa = PBXBuildFile; fileRef = AA579DEA161C07E6005F809B /* IMG_tga.c */; };
		AA579E04161C07E7005F809B /* IMG_tif.c in Sources */ = {isa = PBXBuildFile; fileRef = AA579DEB161C07E6005F809B /* IMG_tif.c */; };
		AA579E05161C07E7005F809B /* IMG_tif.c in Sources */ = {isa = PBXBuildFile; fileRef = AA579DEB161C07E6005F809B /* IMG_tif.c */; };
		AA579E06161C07E7005F809B /* IMG_webp.c in Sources */ = {isa = PBXBuildFile; fileRef = AA579DEC161C07E6005F809B /* IMG_webp.c */; };
		AA579E07161C07E7005F809B /* IMG_webp.c in Sources */ = {isa = PBXBuildFile; fileRef = AA579DEC161C07E6005F809B /* IMG_webp.c */; };
		AA579E08161C07E7005F809B /* IMG_xcf.c in Sources */ = {isa = PBXBuildFile; fileRef = AA579DED161C07E6005F809B /* IMG_xcf.c */; };
		AA579E09161C07E7005F809B /* IMG_xcf.c in Sources */ = {isa = PBXBuildFile; fileRef = AA579DED161C07E6005F809B /* IMG_xcf.c */; };
		AA579E0A161C07E7005F809B /* IMG_xpm.c in Sources */ = {isa = PBXBuildFile; fileRef = AA579DEE161C07E6005F809B /* IMG_xpm.c */; };
		AA579E0B161C07E7005F809B /* IMG_xpm.c in Sources */ = {isa = PBXBuildFile; fileRef = AA579DEE161C07E6005F809B /* IMG_xpm.c */; };
		AA579E0C161C07E7005F809B /* IMG_xv.c in Sources */ = {isa = PBXBuildFile; fileRef = AA579DEF161C07E6005F809B /* IMG_xv.c */; };
		AA579E0D161C07E7005F809B /* IMG_xv.c in Sources */ = {isa = PBXBuildFile; fileRef = AA579DEF161C07E6005F809B /* IMG_xv.c */; };
		AA579E0E161C07E7005F809B /* IMG_xxx.c in Sources */ = {isa = PBXBuildFile; fileRef = AA579DF0161C07E6005F809B /* IMG_xxx.c */; };
		AA579E0F161C07E7005F809B /* IMG_xxx.c in Sources */ = {isa = PBXBuildFile; fileRef = AA579DF0161C07E6005F809B /* IMG_xxx.c */; };
		AA579E10161C07E7005F809B /* IMG.c in Sources */ = {isa = PBXBuildFile; fileRef = AA579DF1161C07E6005F809B /* IMG.c */; };
		AA579E11161C07E7005F809B /* IMG.c in Sources */ = {isa = PBXBuildFile; fileRef = AA579DF1161C07E6005F809B /* IMG.c */; };
		AADBAC89175C6B4C004F8ED2 /* ApplicationServices.framework in Frameworks */ = {isa = PBXBuildFile; fileRef = 007288A60F0DA79800C302A9 /* ApplicationServices.framework */; platformFilters = (macos, ); };
		AADBAC8A175C6B4F004F8ED2 /* Foundation.framework in Frameworks */ = {isa = PBXBuildFile; fileRef = 61F85449145A19BC002CA294 /* Foundation.framework */; };
		BE1FA71A07AF4C44004B6283 /* SDL_image.h in Headers */ = {isa = PBXBuildFile; fileRef = 1014BAEA010A4B677F000001 /* SDL_image.h */; settings = {ATTRIBUTES = (Public, ); }; };
		F307EE372828264D003915D7 /* jaricom.c in Sources */ = {isa = PBXBuildFile; fileRef = F307EE302828264C003915D7 /* jaricom.c */; };
		F307EE382828264D003915D7 /* jaricom.c in Sources */ = {isa = PBXBuildFile; fileRef = F307EE302828264C003915D7 /* jaricom.c */; };
		F307EE392828264D003915D7 /* jccoefct.c in Sources */ = {isa = PBXBuildFile; fileRef = F307EE312828264C003915D7 /* jccoefct.c */; };
		F307EE3A2828264D003915D7 /* jccoefct.c in Sources */ = {isa = PBXBuildFile; fileRef = F307EE312828264C003915D7 /* jccoefct.c */; };
		F307EE3B2828264D003915D7 /* jccolor.c in Sources */ = {isa = PBXBuildFile; fileRef = F307EE322828264C003915D7 /* jccolor.c */; };
		F307EE3C2828264D003915D7 /* jccolor.c in Sources */ = {isa = PBXBuildFile; fileRef = F307EE322828264C003915D7 /* jccolor.c */; };
		F307EE3D2828264D003915D7 /* jcapistd.c in Sources */ = {isa = PBXBuildFile; fileRef = F307EE332828264C003915D7 /* jcapistd.c */; };
		F307EE3E2828264D003915D7 /* jcapistd.c in Sources */ = {isa = PBXBuildFile; fileRef = F307EE332828264C003915D7 /* jcapistd.c */; };
		F307EE3F2828264D003915D7 /* jcapimin.c in Sources */ = {isa = PBXBuildFile; fileRef = F307EE342828264C003915D7 /* jcapimin.c */; };
		F307EE402828264D003915D7 /* jcapimin.c in Sources */ = {isa = PBXBuildFile; fileRef = F307EE342828264C003915D7 /* jcapimin.c */; };
		F307EE412828264D003915D7 /* jcarith.c in Sources */ = {isa = PBXBuildFile; fileRef = F307EE352828264C003915D7 /* jcarith.c */; };
		F307EE422828264D003915D7 /* jcarith.c in Sources */ = {isa = PBXBuildFile; fileRef = F307EE352828264C003915D7 /* jcarith.c */; };
		F307EE432828264D003915D7 /* jcdctmgr.c in Sources */ = {isa = PBXBuildFile; fileRef = F307EE362828264C003915D7 /* jcdctmgr.c */; };
		F307EE442828264D003915D7 /* jcdctmgr.c in Sources */ = {isa = PBXBuildFile; fileRef = F307EE362828264C003915D7 /* jcdctmgr.c */; };
		F307EE6A282826FC003915D7 /* jcinit.c in Sources */ = {isa = PBXBuildFile; fileRef = F307EE45282826FC003915D7 /* jcinit.c */; };
		F307EE6B282826FC003915D7 /* jcinit.c in Sources */ = {isa = PBXBuildFile; fileRef = F307EE45282826FC003915D7 /* jcinit.c */; };
		F307EE6C282826FC003915D7 /* jdinput.c in Sources */ = {isa = PBXBuildFile; fileRef = F307EE46282826FC003915D7 /* jdinput.c */; };
		F307EE6D282826FC003915D7 /* jdinput.c in Sources */ = {isa = PBXBuildFile; fileRef = F307EE46282826FC003915D7 /* jdinput.c */; };
		F307EE6E282826FC003915D7 /* jdatadst.c in Sources */ = {isa = PBXBuildFile; fileRef = F307EE47282826FC003915D7 /* jdatadst.c */; };
		F307EE6F282826FC003915D7 /* jdatadst.c in Sources */ = {isa = PBXBuildFile; fileRef = F307EE47282826FC003915D7 /* jdatadst.c */; };
		F307EE70282826FC003915D7 /* jdsample.c in Sources */ = {isa = PBXBuildFile; fileRef = F307EE48282826FC003915D7 /* jdsample.c */; };
		F307EE71282826FC003915D7 /* jdsample.c in Sources */ = {isa = PBXBuildFile; fileRef = F307EE48282826FC003915D7 /* jdsample.c */; };
		F307EE72282826FC003915D7 /* jdtrans.c in Sources */ = {isa = PBXBuildFile; fileRef = F307EE49282826FC003915D7 /* jdtrans.c */; };
		F307EE73282826FC003915D7 /* jdtrans.c in Sources */ = {isa = PBXBuildFile; fileRef = F307EE49282826FC003915D7 /* jdtrans.c */; };
		F307EE74282826FC003915D7 /* jfdctfst.c in Sources */ = {isa = PBXBuildFile; fileRef = F307EE4A282826FC003915D7 /* jfdctfst.c */; };
		F307EE75282826FC003915D7 /* jfdctfst.c in Sources */ = {isa = PBXBuildFile; fileRef = F307EE4A282826FC003915D7 /* jfdctfst.c */; };
		F307EE76282826FC003915D7 /* jfdctint.c in Sources */ = {isa = PBXBuildFile; fileRef = F307EE4B282826FC003915D7 /* jfdctint.c */; };
		F307EE77282826FC003915D7 /* jfdctint.c in Sources */ = {isa = PBXBuildFile; fileRef = F307EE4B282826FC003915D7 /* jfdctint.c */; };
		F307EE78282826FC003915D7 /* jddctmgr.c in Sources */ = {isa = PBXBuildFile; fileRef = F307EE4C282826FC003915D7 /* jddctmgr.c */; };
		F307EE79282826FC003915D7 /* jddctmgr.c in Sources */ = {isa = PBXBuildFile; fileRef = F307EE4C282826FC003915D7 /* jddctmgr.c */; };
		F307EE7A282826FC003915D7 /* jfdctflt.c in Sources */ = {isa = PBXBuildFile; fileRef = F307EE4D282826FC003915D7 /* jfdctflt.c */; };
		F307EE7B282826FC003915D7 /* jfdctflt.c in Sources */ = {isa = PBXBuildFile; fileRef = F307EE4D282826FC003915D7 /* jfdctflt.c */; };
		F307EE7C282826FC003915D7 /* jdmainct.c in Sources */ = {isa = PBXBuildFile; fileRef = F307EE4E282826FC003915D7 /* jdmainct.c */; };
		F307EE7D282826FC003915D7 /* jdmainct.c in Sources */ = {isa = PBXBuildFile; fileRef = F307EE4E282826FC003915D7 /* jdmainct.c */; };
		F307EE7E282826FC003915D7 /* jcmarker.c in Sources */ = {isa = PBXBuildFile; fileRef = F307EE4F282826FC003915D7 /* jcmarker.c */; };
		F307EE7F282826FC003915D7 /* jcmarker.c in Sources */ = {isa = PBXBuildFile; fileRef = F307EE4F282826FC003915D7 /* jcmarker.c */; };
		F307EE80282826FC003915D7 /* jerror.c in Sources */ = {isa = PBXBuildFile; fileRef = F307EE50282826FC003915D7 /* jerror.c */; };
		F307EE81282826FC003915D7 /* jerror.c in Sources */ = {isa = PBXBuildFile; fileRef = F307EE50282826FC003915D7 /* jerror.c */; };
		F307EE82282826FC003915D7 /* jcparam.c in Sources */ = {isa = PBXBuildFile; fileRef = F307EE51282826FC003915D7 /* jcparam.c */; };
		F307EE83282826FC003915D7 /* jcparam.c in Sources */ = {isa = PBXBuildFile; fileRef = F307EE51282826FC003915D7 /* jcparam.c */; };
		F307EE84282826FC003915D7 /* jdhuff.c in Sources */ = {isa = PBXBuildFile; fileRef = F307EE52282826FC003915D7 /* jdhuff.c */; };
		F307EE85282826FC003915D7 /* jdhuff.c in Sources */ = {isa = PBXBuildFile; fileRef = F307EE52282826FC003915D7 /* jdhuff.c */; };
		F307EE86282826FC003915D7 /* jctrans.c in Sources */ = {isa = PBXBuildFile; fileRef = F307EE53282826FC003915D7 /* jctrans.c */; };
		F307EE87282826FC003915D7 /* jctrans.c in Sources */ = {isa = PBXBuildFile; fileRef = F307EE53282826FC003915D7 /* jctrans.c */; };
		F307EE88282826FC003915D7 /* jchuff.c in Sources */ = {isa = PBXBuildFile; fileRef = F307EE54282826FC003915D7 /* jchuff.c */; };
		F307EE89282826FC003915D7 /* jchuff.c in Sources */ = {isa = PBXBuildFile; fileRef = F307EE54282826FC003915D7 /* jchuff.c */; };
		F307EE8A282826FC003915D7 /* jdcolor.c in Sources */ = {isa = PBXBuildFile; fileRef = F307EE55282826FC003915D7 /* jdcolor.c */; };
		F307EE8B282826FC003915D7 /* jdcolor.c in Sources */ = {isa = PBXBuildFile; fileRef = F307EE55282826FC003915D7 /* jdcolor.c */; };
		F307EE8C282826FC003915D7 /* jdatasrc.c in Sources */ = {isa = PBXBuildFile; fileRef = F307EE56282826FC003915D7 /* jdatasrc.c */; };
		F307EE8D282826FC003915D7 /* jdatasrc.c in Sources */ = {isa = PBXBuildFile; fileRef = F307EE56282826FC003915D7 /* jdatasrc.c */; };
		F307EE8E282826FC003915D7 /* jdcoefct.c in Sources */ = {isa = PBXBuildFile; fileRef = F307EE57282826FC003915D7 /* jdcoefct.c */; };
		F307EE8F282826FC003915D7 /* jdcoefct.c in Sources */ = {isa = PBXBuildFile; fileRef = F307EE57282826FC003915D7 /* jdcoefct.c */; };
		F307EE90282826FC003915D7 /* jdmerge.c in Sources */ = {isa = PBXBuildFile; fileRef = F307EE58282826FC003915D7 /* jdmerge.c */; };
		F307EE91282826FC003915D7 /* jdmerge.c in Sources */ = {isa = PBXBuildFile; fileRef = F307EE58282826FC003915D7 /* jdmerge.c */; };
		F307EE92282826FC003915D7 /* jcomapi.c in Sources */ = {isa = PBXBuildFile; fileRef = F307EE59282826FC003915D7 /* jcomapi.c */; };
		F307EE93282826FC003915D7 /* jcomapi.c in Sources */ = {isa = PBXBuildFile; fileRef = F307EE59282826FC003915D7 /* jcomapi.c */; };
		F307EE94282826FC003915D7 /* jcmainct.c in Sources */ = {isa = PBXBuildFile; fileRef = F307EE5A282826FC003915D7 /* jcmainct.c */; };
		F307EE95282826FC003915D7 /* jcmainct.c in Sources */ = {isa = PBXBuildFile; fileRef = F307EE5A282826FC003915D7 /* jcmainct.c */; };
		F307EE96282826FC003915D7 /* jcmaster.c in Sources */ = {isa = PBXBuildFile; fileRef = F307EE5B282826FC003915D7 /* jcmaster.c */; };
		F307EE97282826FC003915D7 /* jcmaster.c in Sources */ = {isa = PBXBuildFile; fileRef = F307EE5B282826FC003915D7 /* jcmaster.c */; };
		F307EE98282826FC003915D7 /* jquant1.c in Sources */ = {isa = PBXBuildFile; fileRef = F307EE5C282826FC003915D7 /* jquant1.c */; };
		F307EE99282826FC003915D7 /* jquant1.c in Sources */ = {isa = PBXBuildFile; fileRef = F307EE5C282826FC003915D7 /* jquant1.c */; };
		F307EE9A282826FC003915D7 /* jdarith.c in Sources */ = {isa = PBXBuildFile; fileRef = F307EE5D282826FC003915D7 /* jdarith.c */; };
		F307EE9B282826FC003915D7 /* jdarith.c in Sources */ = {isa = PBXBuildFile; fileRef = F307EE5D282826FC003915D7 /* jdarith.c */; };
		F307EE9C282826FC003915D7 /* jmemmgr.c in Sources */ = {isa = PBXBuildFile; fileRef = F307EE5E282826FC003915D7 /* jmemmgr.c */; };
		F307EE9D282826FC003915D7 /* jmemmgr.c in Sources */ = {isa = PBXBuildFile; fileRef = F307EE5E282826FC003915D7 /* jmemmgr.c */; };
		F307EEA0282826FC003915D7 /* jcprepct.c in Sources */ = {isa = PBXBuildFile; fileRef = F307EE60282826FC003915D7 /* jcprepct.c */; };
		F307EEA1282826FC003915D7 /* jcprepct.c in Sources */ = {isa = PBXBuildFile; fileRef = F307EE60282826FC003915D7 /* jcprepct.c */; };
		F307EEA2282826FC003915D7 /* jutils.c in Sources */ = {isa = PBXBuildFile; fileRef = F307EE61282826FC003915D7 /* jutils.c */; };
		F307EEA3282826FC003915D7 /* jutils.c in Sources */ = {isa = PBXBuildFile; fileRef = F307EE61282826FC003915D7 /* jutils.c */; };
		F307EEA4282826FC003915D7 /* jdapimin.c in Sources */ = {isa = PBXBuildFile; fileRef = F307EE62282826FC003915D7 /* jdapimin.c */; };
		F307EEA5282826FC003915D7 /* jdapimin.c in Sources */ = {isa = PBXBuildFile; fileRef = F307EE62282826FC003915D7 /* jdapimin.c */; };
		F307EEA6282826FC003915D7 /* jdmarker.c in Sources */ = {isa = PBXBuildFile; fileRef = F307EE63282826FC003915D7 /* jdmarker.c */; };
		F307EEA7282826FC003915D7 /* jdmarker.c in Sources */ = {isa = PBXBuildFile; fileRef = F307EE63282826FC003915D7 /* jdmarker.c */; };
		F307EEA8282826FC003915D7 /* jcsample.c in Sources */ = {isa = PBXBuildFile; fileRef = F307EE64282826FC003915D7 /* jcsample.c */; };
		F307EEA9282826FC003915D7 /* jcsample.c in Sources */ = {isa = PBXBuildFile; fileRef = F307EE64282826FC003915D7 /* jcsample.c */; };
		F307EEAA282826FC003915D7 /* jdmaster.c in Sources */ = {isa = PBXBuildFile; fileRef = F307EE65282826FC003915D7 /* jdmaster.c */; };
		F307EEAB282826FC003915D7 /* jdmaster.c in Sources */ = {isa = PBXBuildFile; fileRef = F307EE65282826FC003915D7 /* jdmaster.c */; };
		F307EEAC282826FC003915D7 /* jdapistd.c in Sources */ = {isa = PBXBuildFile; fileRef = F307EE66282826FC003915D7 /* jdapistd.c */; };
		F307EEAD282826FC003915D7 /* jdapistd.c in Sources */ = {isa = PBXBuildFile; fileRef = F307EE66282826FC003915D7 /* jdapistd.c */; };
		F307EEAE282826FC003915D7 /* jdpostct.c in Sources */ = {isa = PBXBuildFile; fileRef = F307EE67282826FC003915D7 /* jdpostct.c */; };
		F307EEAF282826FC003915D7 /* jdpostct.c in Sources */ = {isa = PBXBuildFile; fileRef = F307EE67282826FC003915D7 /* jdpostct.c */; };
		F307EEB0282826FC003915D7 /* jidctflt.c in Sources */ = {isa = PBXBuildFile; fileRef = F307EE68282826FC003915D7 /* jidctflt.c */; };
		F307EEB1282826FC003915D7 /* jidctflt.c in Sources */ = {isa = PBXBuildFile; fileRef = F307EE68282826FC003915D7 /* jidctflt.c */; };
		F307EEB2282826FC003915D7 /* jquant2.c in Sources */ = {isa = PBXBuildFile; fileRef = F307EE69282826FC003915D7 /* jquant2.c */; };
		F307EEB3282826FC003915D7 /* jquant2.c in Sources */ = {isa = PBXBuildFile; fileRef = F307EE69282826FC003915D7 /* jquant2.c */; };
		F307EEB928282912003915D7 /* jidctint.c in Sources */ = {isa = PBXBuildFile; fileRef = F307EEB528282912003915D7 /* jidctint.c */; };
		F307EEBA28282912003915D7 /* jidctint.c in Sources */ = {isa = PBXBuildFile; fileRef = F307EEB528282912003915D7 /* jidctint.c */; };
		F307EEBB28282912003915D7 /* jidctfst.c in Sources */ = {isa = PBXBuildFile; fileRef = F307EEB728282912003915D7 /* jidctfst.c */; };
		F307EEBC28282912003915D7 /* jidctfst.c in Sources */ = {isa = PBXBuildFile; fileRef = F307EEB728282912003915D7 /* jidctfst.c */; };
		F307EEBD28282912003915D7 /* jmemansi.c in Sources */ = {isa = PBXBuildFile; fileRef = F307EEB828282912003915D7 /* jmemansi.c */; };
		F307EEBE28282912003915D7 /* jmemansi.c in Sources */ = {isa = PBXBuildFile; fileRef = F307EEB828282912003915D7 /* jmemansi.c */; };
		F354743E2828CA66007E9EDA /* IMG_jxl.c in Sources */ = {isa = PBXBuildFile; fileRef = F354743B2828CA66007E9EDA /* IMG_jxl.c */; };
		F354743F2828CA66007E9EDA /* IMG_jxl.c in Sources */ = {isa = PBXBuildFile; fileRef = F354743B2828CA66007E9EDA /* IMG_jxl.c */; };
		F3D87C04281DF8FC005DA540 /* SDL2.framework in Frameworks */ = {isa = PBXBuildFile; fileRef = F3D87C03281DF8FC005DA540 /* SDL2.framework */; };
		F3E1AAEB281CBABD00740E39 /* CoreGraphics.framework in Frameworks */ = {isa = PBXBuildFile; fileRef = F3E1AAEA281CBABD00740E39 /* CoreGraphics.framework */; platformFilters = (ios, tvos, ); };
		F3E1AAEC281CBB1F00740E39 /* ImageIO.framework in Frameworks */ = {isa = PBXBuildFile; fileRef = F3E1AAE8281CBA7B00740E39 /* ImageIO.framework */; platformFilters = (ios, tvos, ); };
		F3E1AAEE281CBD9F00740E39 /* UIKit.framework in Frameworks */ = {isa = PBXBuildFile; fileRef = F3E1AAED281CBD9F00740E39 /* UIKit.framework */; platformFilters = (ios, tvos, ); };
		F3E1AAF0281CBDD100740E39 /* MobileCoreServices.framework in Frameworks */ = {isa = PBXBuildFile; fileRef = F3E1AAEF281CBDD100740E39 /* MobileCoreServices.framework */; platformFilters = (ios, tvos, ); };
/* End PBXBuildFile section */

/* Begin PBXContainerItemProxy section */
		BE1FA74C07AF4C45004B6283 /* PBXContainerItemProxy */ = {
			isa = PBXContainerItemProxy;
			containerPortal = 0867D690FE84028FC02AAC07 /* Project object */;
			proxyType = 1;
			remoteGlobalIDString = BE1FA71807AF4C44004B6283;
			remoteInfo = Framework;
		};
		F307EFAC2828C8FA003915D7 /* PBXContainerItemProxy */ = {
			isa = PBXContainerItemProxy;
			containerPortal = F307EFA82828C8FA003915D7 /* jxl.xcodeproj */;
			proxyType = 2;
			remoteGlobalIDString = F307EEDC28288CCF003915D7;
			remoteInfo = jxl;
		};
		F3D87D23281EA9D8005DA540 /* PBXContainerItemProxy */ = {
			isa = PBXContainerItemProxy;
			containerPortal = F3D87D15281EA88F005DA540 /* webp.xcodeproj */;
			proxyType = 2;
			remoteGlobalIDString = F3D87D21281EA9C3005DA540;
			remoteInfo = webp;
		};
/* End PBXContainerItemProxy section */

/* Begin PBXCopyFilesBuildPhase section */
		AA9EE77214B27810008773C0 /* Copy Frameworks */ = {
			isa = PBXCopyFilesBuildPhase;
			buildActionMask = 2147483647;
			dstPath = "";
			dstSubfolderSpec = 10;
			files = (
			);
			name = "Copy Frameworks";
			runOnlyForDeploymentPostprocessing = 0;
		};
/* End PBXCopyFilesBuildPhase section */

/* Begin PBXFileReference section */
		007288A60F0DA79800C302A9 /* ApplicationServices.framework */ = {isa = PBXFileReference; lastKnownFileType = wrapper.framework; name = ApplicationServices.framework; path = /System/Library/Frameworks/ApplicationServices.framework; sourceTree = "<absolute>"; };
		1014BAEA010A4B677F000001 /* SDL_image.h */ = {isa = PBXFileReference; fileEncoding = 30; lastKnownFileType = sourcecode.c.h; name = SDL_image.h; path = ../SDL_image.h; sourceTree = SOURCE_ROOT; };
		61F85449145A19BC002CA294 /* Foundation.framework */ = {isa = PBXFileReference; lastKnownFileType = wrapper.framework; name = Foundation.framework; path = System/Library/Frameworks/Foundation.framework; sourceTree = SDKROOT; };
		6313BF522785566D00F268AD /* IMG_qoi.c */ = {isa = PBXFileReference; fileEncoding = 4; lastKnownFileType = sourcecode.c.c; name = IMG_qoi.c; path = ../IMG_qoi.c; sourceTree = "<group>"; };
		AA50AA461F9C7C50003B9C0C /* IMG_svg.c */ = {isa = PBXFileReference; fileEncoding = 4; lastKnownFileType = sourcecode.c.c; name = IMG_svg.c; path = ../IMG_svg.c; sourceTree = "<group>"; };
		AA579DE2161C07E6005F809B /* IMG_bmp.c */ = {isa = PBXFileReference; fileEncoding = 4; lastKnownFileType = sourcecode.c.c; name = IMG_bmp.c; path = ../IMG_bmp.c; sourceTree = "<group>"; };
		AA579DE3161C07E6005F809B /* IMG_gif.c */ = {isa = PBXFileReference; fileEncoding = 4; lastKnownFileType = sourcecode.c.c; name = IMG_gif.c; path = ../IMG_gif.c; sourceTree = "<group>"; };
		AA579DE4161C07E6005F809B /* IMG_ImageIO.m */ = {isa = PBXFileReference; fileEncoding = 4; lastKnownFileType = sourcecode.c.objc; name = IMG_ImageIO.m; path = ../IMG_ImageIO.m; sourceTree = "<group>"; };
		AA579DE5161C07E6005F809B /* IMG_jpg.c */ = {isa = PBXFileReference; fileEncoding = 4; lastKnownFileType = sourcecode.c.c; name = IMG_jpg.c; path = ../IMG_jpg.c; sourceTree = "<group>"; };
		AA579DE6161C07E6005F809B /* IMG_lbm.c */ = {isa = PBXFileReference; fileEncoding = 4; lastKnownFileType = sourcecode.c.c; name = IMG_lbm.c; path = ../IMG_lbm.c; sourceTree = "<group>"; };
		AA579DE7161C07E6005F809B /* IMG_pcx.c */ = {isa = PBXFileReference; fileEncoding = 4; lastKnownFileType = sourcecode.c.c; name = IMG_pcx.c; path = ../IMG_pcx.c; sourceTree = "<group>"; };
		AA579DE8161C07E6005F809B /* IMG_png.c */ = {isa = PBXFileReference; fileEncoding = 4; lastKnownFileType = sourcecode.c.c; name = IMG_png.c; path = ../IMG_png.c; sourceTree = "<group>"; };
		AA579DE9161C07E6005F809B /* IMG_pnm.c */ = {isa = PBXFileReference; fileEncoding = 4; lastKnownFileType = sourcecode.c.c; name = IMG_pnm.c; path = ../IMG_pnm.c; sourceTree = "<group>"; };
		AA579DEA161C07E6005F809B /* IMG_tga.c */ = {isa = PBXFileReference; fileEncoding = 4; lastKnownFileType = sourcecode.c.c; name = IMG_tga.c; path = ../IMG_tga.c; sourceTree = "<group>"; };
		AA579DEB161C07E6005F809B /* IMG_tif.c */ = {isa = PBXFileReference; fileEncoding = 4; lastKnownFileType = sourcecode.c.c; name = IMG_tif.c; path = ../IMG_tif.c; sourceTree = "<group>"; };
		AA579DEC161C07E6005F809B /* IMG_webp.c */ = {isa = PBXFileReference; fileEncoding = 4; lastKnownFileType = sourcecode.c.c; name = IMG_webp.c; path = ../IMG_webp.c; sourceTree = "<group>"; };
		AA579DED161C07E6005F809B /* IMG_xcf.c */ = {isa = PBXFileReference; fileEncoding = 4; lastKnownFileType = sourcecode.c.c; name = IMG_xcf.c; path = ../IMG_xcf.c; sourceTree = "<group>"; };
		AA579DEE161C07E6005F809B /* IMG_xpm.c */ = {isa = PBXFileReference; fileEncoding = 4; lastKnownFileType = sourcecode.c.c; name = IMG_xpm.c; path = ../IMG_xpm.c; sourceTree = "<group>"; };
		AA579DEF161C07E6005F809B /* IMG_xv.c */ = {isa = PBXFileReference; fileEncoding = 4; lastKnownFileType = sourcecode.c.c; name = IMG_xv.c; path = ../IMG_xv.c; sourceTree = "<group>"; };
		AA579DF0161C07E6005F809B /* IMG_xxx.c */ = {isa = PBXFileReference; fileEncoding = 4; lastKnownFileType = sourcecode.c.c; name = IMG_xxx.c; path = ../IMG_xxx.c; sourceTree = "<group>"; };
		AA579DF1161C07E6005F809B /* IMG.c */ = {isa = PBXFileReference; fileEncoding = 4; lastKnownFileType = sourcecode.c.c; name = IMG.c; path = ../IMG.c; sourceTree = "<group>"; };
		BE1FA72D07AF4C44004B6283 /* Info-Framework.plist */ = {isa = PBXFileReference; lastKnownFileType = text.plist.xml; path = "Info-Framework.plist"; sourceTree = "<group>"; };
		BE1FA72E07AF4C45004B6283 /* SDL2_image.framework */ = {isa = PBXFileReference; explicitFileType = wrapper.framework; includeInIndex = 0; path = SDL2_image.framework; sourceTree = BUILT_PRODUCTS_DIR; };
		BE1FA74107AF4C45004B6283 /* libSDL2_image.a */ = {isa = PBXFileReference; explicitFileType = archive.ar; includeInIndex = 0; path = libSDL2_image.a; sourceTree = BUILT_PRODUCTS_DIR; };
		BE1FA74507AF4C45004B6283 /* Create DMG */ = {isa = PBXFileReference; explicitFileType = "compiled.mach-o.executable"; includeInIndex = 0; path = "Create DMG"; sourceTree = BUILT_PRODUCTS_DIR; };
		F307EE302828264C003915D7 /* jaricom.c */ = {isa = PBXFileReference; fileEncoding = 4; lastKnownFileType = sourcecode.c.c; name = jaricom.c; path = ../external/jpeg/jaricom.c; sourceTree = "<group>"; };
		F307EE312828264C003915D7 /* jccoefct.c */ = {isa = PBXFileReference; fileEncoding = 4; lastKnownFileType = sourcecode.c.c; name = jccoefct.c; path = ../external/jpeg/jccoefct.c; sourceTree = "<group>"; };
		F307EE322828264C003915D7 /* jccolor.c */ = {isa = PBXFileReference; fileEncoding = 4; lastKnownFileType = sourcecode.c.c; name = jccolor.c; path = ../external/jpeg/jccolor.c; sourceTree = "<group>"; };
		F307EE332828264C003915D7 /* jcapistd.c */ = {isa = PBXFileReference; fileEncoding = 4; lastKnownFileType = sourcecode.c.c; name = jcapistd.c; path = ../external/jpeg/jcapistd.c; sourceTree = "<group>"; };
		F307EE342828264C003915D7 /* jcapimin.c */ = {isa = PBXFileReference; fileEncoding = 4; lastKnownFileType = sourcecode.c.c; name = jcapimin.c; path = ../external/jpeg/jcapimin.c; sourceTree = "<group>"; };
		F307EE352828264C003915D7 /* jcarith.c */ = {isa = PBXFileReference; fileEncoding = 4; lastKnownFileType = sourcecode.c.c; name = jcarith.c; path = ../external/jpeg/jcarith.c; sourceTree = "<group>"; };
		F307EE362828264C003915D7 /* jcdctmgr.c */ = {isa = PBXFileReference; fileEncoding = 4; lastKnownFileType = sourcecode.c.c; name = jcdctmgr.c; path = ../external/jpeg/jcdctmgr.c; sourceTree = "<group>"; };
		F307EE45282826FC003915D7 /* jcinit.c */ = {isa = PBXFileReference; fileEncoding = 4; lastKnownFileType = sourcecode.c.c; name = jcinit.c; path = ../external/jpeg/jcinit.c; sourceTree = "<group>"; };
		F307EE46282826FC003915D7 /* jdinput.c */ = {isa = PBXFileReference; fileEncoding = 4; lastKnownFileType = sourcecode.c.c; name = jdinput.c; path = ../external/jpeg/jdinput.c; sourceTree = "<group>"; };
		F307EE47282826FC003915D7 /* jdatadst.c */ = {isa = PBXFileReference; fileEncoding = 4; lastKnownFileType = sourcecode.c.c; name = jdatadst.c; path = ../external/jpeg/jdatadst.c; sourceTree = "<group>"; };
		F307EE48282826FC003915D7 /* jdsample.c */ = {isa = PBXFileReference; fileEncoding = 4; lastKnownFileType = sourcecode.c.c; name = jdsample.c; path = ../external/jpeg/jdsample.c; sourceTree = "<group>"; };
		F307EE49282826FC003915D7 /* jdtrans.c */ = {isa = PBXFileReference; fileEncoding = 4; lastKnownFileType = sourcecode.c.c; name = jdtrans.c; path = ../external/jpeg/jdtrans.c; sourceTree = "<group>"; };
		F307EE4A282826FC003915D7 /* jfdctfst.c */ = {isa = PBXFileReference; fileEncoding = 4; lastKnownFileType = sourcecode.c.c; name = jfdctfst.c; path = ../external/jpeg/jfdctfst.c; sourceTree = "<group>"; };
		F307EE4B282826FC003915D7 /* jfdctint.c */ = {isa = PBXFileReference; fileEncoding = 4; lastKnownFileType = sourcecode.c.c; name = jfdctint.c; path = ../external/jpeg/jfdctint.c; sourceTree = "<group>"; };
		F307EE4C282826FC003915D7 /* jddctmgr.c */ = {isa = PBXFileReference; fileEncoding = 4; lastKnownFileType = sourcecode.c.c; name = jddctmgr.c; path = ../external/jpeg/jddctmgr.c; sourceTree = "<group>"; };
		F307EE4D282826FC003915D7 /* jfdctflt.c */ = {isa = PBXFileReference; fileEncoding = 4; lastKnownFileType = sourcecode.c.c; name = jfdctflt.c; path = ../external/jpeg/jfdctflt.c; sourceTree = "<group>"; };
		F307EE4E282826FC003915D7 /* jdmainct.c */ = {isa = PBXFileReference; fileEncoding = 4; lastKnownFileType = sourcecode.c.c; name = jdmainct.c; path = ../external/jpeg/jdmainct.c; sourceTree = "<group>"; };
		F307EE4F282826FC003915D7 /* jcmarker.c */ = {isa = PBXFileReference; fileEncoding = 4; lastKnownFileType = sourcecode.c.c; name = jcmarker.c; path = ../external/jpeg/jcmarker.c; sourceTree = "<group>"; };
		F307EE50282826FC003915D7 /* jerror.c */ = {isa = PBXFileReference; fileEncoding = 4; lastKnownFileType = sourcecode.c.c; name = jerror.c; path = ../external/jpeg/jerror.c; sourceTree = "<group>"; };
		F307EE51282826FC003915D7 /* jcparam.c */ = {isa = PBXFileReference; fileEncoding = 4; lastKnownFileType = sourcecode.c.c; name = jcparam.c; path = ../external/jpeg/jcparam.c; sourceTree = "<group>"; };
		F307EE52282826FC003915D7 /* jdhuff.c */ = {isa = PBXFileReference; fileEncoding = 4; lastKnownFileType = sourcecode.c.c; name = jdhuff.c; path = ../external/jpeg/jdhuff.c; sourceTree = "<group>"; };
		F307EE53282826FC003915D7 /* jctrans.c */ = {isa = PBXFileReference; fileEncoding = 4; lastKnownFileType = sourcecode.c.c; name = jctrans.c; path = ../external/jpeg/jctrans.c; sourceTree = "<group>"; };
		F307EE54282826FC003915D7 /* jchuff.c */ = {isa = PBXFileReference; fileEncoding = 4; lastKnownFileType = sourcecode.c.c; name = jchuff.c; path = ../external/jpeg/jchuff.c; sourceTree = "<group>"; };
		F307EE55282826FC003915D7 /* jdcolor.c */ = {isa = PBXFileReference; fileEncoding = 4; lastKnownFileType = sourcecode.c.c; name = jdcolor.c; path = ../external/jpeg/jdcolor.c; sourceTree = "<group>"; };
		F307EE56282826FC003915D7 /* jdatasrc.c */ = {isa = PBXFileReference; fileEncoding = 4; lastKnownFileType = sourcecode.c.c; name = jdatasrc.c; path = ../external/jpeg/jdatasrc.c; sourceTree = "<group>"; };
		F307EE57282826FC003915D7 /* jdcoefct.c */ = {isa = PBXFileReference; fileEncoding = 4; lastKnownFileType = sourcecode.c.c; name = jdcoefct.c; path = ../external/jpeg/jdcoefct.c; sourceTree = "<group>"; };
		F307EE58282826FC003915D7 /* jdmerge.c */ = {isa = PBXFileReference; fileEncoding = 4; lastKnownFileType = sourcecode.c.c; name = jdmerge.c; path = ../external/jpeg/jdmerge.c; sourceTree = "<group>"; };
		F307EE59282826FC003915D7 /* jcomapi.c */ = {isa = PBXFileReference; fileEncoding = 4; lastKnownFileType = sourcecode.c.c; name = jcomapi.c; path = ../external/jpeg/jcomapi.c; sourceTree = "<group>"; };
		F307EE5A282826FC003915D7 /* jcmainct.c */ = {isa = PBXFileReference; fileEncoding = 4; lastKnownFileType = sourcecode.c.c; name = jcmainct.c; path = ../external/jpeg/jcmainct.c; sourceTree = "<group>"; };
		F307EE5B282826FC003915D7 /* jcmaster.c */ = {isa = PBXFileReference; fileEncoding = 4; lastKnownFileType = sourcecode.c.c; name = jcmaster.c; path = ../external/jpeg/jcmaster.c; sourceTree = "<group>"; };
		F307EE5C282826FC003915D7 /* jquant1.c */ = {isa = PBXFileReference; fileEncoding = 4; lastKnownFileType = sourcecode.c.c; name = jquant1.c; path = ../external/jpeg/jquant1.c; sourceTree = "<group>"; };
		F307EE5D282826FC003915D7 /* jdarith.c */ = {isa = PBXFileReference; fileEncoding = 4; lastKnownFileType = sourcecode.c.c; name = jdarith.c; path = ../external/jpeg/jdarith.c; sourceTree = "<group>"; };
		F307EE5E282826FC003915D7 /* jmemmgr.c */ = {isa = PBXFileReference; fileEncoding = 4; lastKnownFileType = sourcecode.c.c; name = jmemmgr.c; path = ../external/jpeg/jmemmgr.c; sourceTree = "<group>"; };
		F307EE60282826FC003915D7 /* jcprepct.c */ = {isa = PBXFileReference; fileEncoding = 4; lastKnownFileType = sourcecode.c.c; name = jcprepct.c; path = ../external/jpeg/jcprepct.c; sourceTree = "<group>"; };
		F307EE61282826FC003915D7 /* jutils.c */ = {isa = PBXFileReference; fileEncoding = 4; lastKnownFileType = sourcecode.c.c; name = jutils.c; path = ../external/jpeg/jutils.c; sourceTree = "<group>"; };
		F307EE62282826FC003915D7 /* jdapimin.c */ = {isa = PBXFileReference; fileEncoding = 4; lastKnownFileType = sourcecode.c.c; name = jdapimin.c; path = ../external/jpeg/jdapimin.c; sourceTree = "<group>"; };
		F307EE63282826FC003915D7 /* jdmarker.c */ = {isa = PBXFileReference; fileEncoding = 4; lastKnownFileType = sourcecode.c.c; name = jdmarker.c; path = ../external/jpeg/jdmarker.c; sourceTree = "<group>"; };
		F307EE64282826FC003915D7 /* jcsample.c */ = {isa = PBXFileReference; fileEncoding = 4; lastKnownFileType = sourcecode.c.c; name = jcsample.c; path = ../external/jpeg/jcsample.c; sourceTree = "<group>"; };
		F307EE65282826FC003915D7 /* jdmaster.c */ = {isa = PBXFileReference; fileEncoding = 4; lastKnownFileType = sourcecode.c.c; name = jdmaster.c; path = ../external/jpeg/jdmaster.c; sourceTree = "<group>"; };
		F307EE66282826FC003915D7 /* jdapistd.c */ = {isa = PBXFileReference; fileEncoding = 4; lastKnownFileType = sourcecode.c.c; name = jdapistd.c; path = ../external/jpeg/jdapistd.c; sourceTree = "<group>"; };
		F307EE67282826FC003915D7 /* jdpostct.c */ = {isa = PBXFileReference; fileEncoding = 4; lastKnownFileType = sourcecode.c.c; name = jdpostct.c; path = ../external/jpeg/jdpostct.c; sourceTree = "<group>"; };
		F307EE68282826FC003915D7 /* jidctflt.c */ = {isa = PBXFileReference; fileEncoding = 4; lastKnownFileType = sourcecode.c.c; name = jidctflt.c; path = ../external/jpeg/jidctflt.c; sourceTree = "<group>"; };
		F307EE69282826FC003915D7 /* jquant2.c */ = {isa = PBXFileReference; fileEncoding = 4; lastKnownFileType = sourcecode.c.c; name = jquant2.c; path = ../external/jpeg/jquant2.c; sourceTree = "<group>"; };
		F307EEB528282912003915D7 /* jidctint.c */ = {isa = PBXFileReference; fileEncoding = 4; lastKnownFileType = sourcecode.c.c; name = jidctint.c; path = ../external/jpeg/jidctint.c; sourceTree = "<group>"; };
		F307EEB728282912003915D7 /* jidctfst.c */ = {isa = PBXFileReference; fileEncoding = 4; lastKnownFileType = sourcecode.c.c; name = jidctfst.c; path = ../external/jpeg/jidctfst.c; sourceTree = "<group>"; };
		F307EEB828282912003915D7 /* jmemansi.c */ = {isa = PBXFileReference; fileEncoding = 4; lastKnownFileType = sourcecode.c.c; name = jmemansi.c; path = ../external/jpeg/jmemansi.c; sourceTree = "<group>"; };
		F307EFA82828C8FA003915D7 /* jxl.xcodeproj */ = {isa = PBXFileReference; lastKnownFileType = "wrapper.pb-project"; name = jxl.xcodeproj; path = jxl/jxl.xcodeproj; sourceTree = "<group>"; };
		F354743B2828CA66007E9EDA /* IMG_jxl.c */ = {isa = PBXFileReference; fileEncoding = 4; lastKnownFileType = sourcecode.c.c; name = IMG_jxl.c; path = ../IMG_jxl.c; sourceTree = "<group>"; };
		F3D87C03281DF8FC005DA540 /* SDL2.framework */ = {isa = PBXFileReference; lastKnownFileType = wrapper.framework; name = SDL2.framework; path = macOS/SDL2.framework; sourceTree = "<group>"; };
		F3D87D15281EA88F005DA540 /* webp.xcodeproj */ = {isa = PBXFileReference; lastKnownFileType = "wrapper.pb-project"; name = webp.xcodeproj; path = webp/webp.xcodeproj; sourceTree = "<group>"; };
		F3E1AAE8281CBA7B00740E39 /* ImageIO.framework */ = {isa = PBXFileReference; lastKnownFileType = wrapper.framework; name = ImageIO.framework; path = System/Library/Frameworks/ImageIO.framework; sourceTree = SDKROOT; };
		F3E1AAEA281CBABD00740E39 /* CoreGraphics.framework */ = {isa = PBXFileReference; lastKnownFileType = wrapper.framework; name = CoreGraphics.framework; path = System/Library/Frameworks/CoreGraphics.framework; sourceTree = SDKROOT; };
		F3E1AAED281CBD9F00740E39 /* UIKit.framework */ = {isa = PBXFileReference; lastKnownFileType = wrapper.framework; name = UIKit.framework; path = Platforms/MacOSX.platform/Developer/SDKs/MacOSX12.3.sdk/System/iOSSupport/System/Library/Frameworks/UIKit.framework; sourceTree = DEVELOPER_DIR; };
		F3E1AAEF281CBDD100740E39 /* MobileCoreServices.framework */ = {isa = PBXFileReference; lastKnownFileType = wrapper.framework; name = MobileCoreServices.framework; path = System/iOSSupport/System/Library/Frameworks/MobileCoreServices.framework; sourceTree = SDKROOT; };
		F59C710300D5CB5801000001 /* ReadMe.txt */ = {isa = PBXFileReference; fileEncoding = 30; lastKnownFileType = text; path = ReadMe.txt; sourceTree = "<group>"; };
		F59C710400D5CB5801000001 /* Welcome.txt */ = {isa = PBXFileReference; fileEncoding = 30; lastKnownFileType = text; path = Welcome.txt; sourceTree = "<group>"; };
		F59C710600D5CB5801000001 /* SDL_image.info */ = {isa = PBXFileReference; fileEncoding = 30; lastKnownFileType = text; path = SDL_image.info; sourceTree = "<group>"; };
/* End PBXFileReference section */

/* Begin PBXFrameworksBuildPhase section */
		BE1FA72A07AF4C44004B6283 /* Frameworks */ = {
			isa = PBXFrameworksBuildPhase;
			buildActionMask = 2147483647;
			files = (
				AADBAC89175C6B4C004F8ED2 /* ApplicationServices.framework in Frameworks */,
				F3E1AAEB281CBABD00740E39 /* CoreGraphics.framework in Frameworks */,
				AADBAC8A175C6B4F004F8ED2 /* Foundation.framework in Frameworks */,
				F3E1AAEC281CBB1F00740E39 /* ImageIO.framework in Frameworks */,
				F3E1AAF0281CBDD100740E39 /* MobileCoreServices.framework in Frameworks */,
				F3E1AAEE281CBD9F00740E39 /* UIKit.framework in Frameworks */,
				F3D87C04281DF8FC005DA540 /* SDL2.framework in Frameworks */,
			);
			runOnlyForDeploymentPostprocessing = 0;
		};
		BE1FA73F07AF4C45004B6283 /* Frameworks */ = {
			isa = PBXFrameworksBuildPhase;
			buildActionMask = 2147483647;
			files = (
				007288A80F0DA79800C302A9 /* ApplicationServices.framework in Frameworks */,
			);
			runOnlyForDeploymentPostprocessing = 0;
		};
/* End PBXFrameworksBuildPhase section */

/* Begin PBXGroup section */
		0153844A006D81B07F000001 /* Public Headers */ = {
			isa = PBXGroup;
			children = (
				1014BAEA010A4B677F000001 /* SDL_image.h */,
			);
			name = "Public Headers";
			sourceTree = "<group>";
		};
		034768DDFF38A45A11DB9C8B /* Products */ = {
			isa = PBXGroup;
			children = (
				089C1665FE841158C02AAC07 /* Resources */,
				BE1FA72E07AF4C45004B6283 /* SDL2_image.framework */,
				BE1FA74107AF4C45004B6283 /* libSDL2_image.a */,
				BE1FA74507AF4C45004B6283 /* Create DMG */,
			);
			name = Products;
			sourceTree = "<group>";
		};
		0867D691FE84028FC02AAC07 /* SDL_imageFramework */ = {
			isa = PBXGroup;
			children = (
				F307EFA82828C8FA003915D7 /* jxl.xcodeproj */,
				F3D87D15281EA88F005DA540 /* webp.xcodeproj */,
				F59C70FC00D5CB5801000001 /* pkg-support */,
				0153844A006D81B07F000001 /* Public Headers */,
				08FB77ACFE841707C02AAC07 /* Library Source */,
				BE1FA76107AF72F5004B6283 /* Frameworks */,
				034768DDFF38A45A11DB9C8B /* Products */,
				BE1FA72D07AF4C44004B6283 /* Info-Framework.plist */,
			);
			name = SDL_imageFramework;
			sourceTree = "<group>";
		};
		089C1665FE841158C02AAC07 /* Resources */ = {
			isa = PBXGroup;
			children = (
			);
			name = Resources;
			sourceTree = "<group>";
		};
		08FB77ACFE841707C02AAC07 /* Library Source */ = {
			isa = PBXGroup;
			children = (
				F307EE2E28282608003915D7 /* jpeg */,
				AA579DF1161C07E6005F809B /* IMG.c */,
				AA579DE4161C07E6005F809B /* IMG_ImageIO.m */,
				AA579DE2161C07E6005F809B /* IMG_bmp.c */,
				AA579DE3161C07E6005F809B /* IMG_gif.c */,
				AA579DE5161C07E6005F809B /* IMG_jpg.c */,
				F354743B2828CA66007E9EDA /* IMG_jxl.c */,
				AA579DE6161C07E6005F809B /* IMG_lbm.c */,
				AA579DE7161C07E6005F809B /* IMG_pcx.c */,
				AA579DE8161C07E6005F809B /* IMG_png.c */,
				AA579DE9161C07E6005F809B /* IMG_pnm.c */,
				6313BF522785566D00F268AD /* IMG_qoi.c */,
				AA50AA461F9C7C50003B9C0C /* IMG_svg.c */,
				AA579DEA161C07E6005F809B /* IMG_tga.c */,
				AA579DEB161C07E6005F809B /* IMG_tif.c */,
				AA579DEC161C07E6005F809B /* IMG_webp.c */,
				AA579DED161C07E6005F809B /* IMG_xcf.c */,
				AA579DEE161C07E6005F809B /* IMG_xpm.c */,
				AA579DEF161C07E6005F809B /* IMG_xv.c */,
				AA579DF0161C07E6005F809B /* IMG_xxx.c */,
			);
			name = "Library Source";
			sourceTree = "<group>";
		};
		BE1FA76007AF72B1004B6283 /* Linked Frameworks */ = {
			isa = PBXGroup;
			children = (
				007288A60F0DA79800C302A9 /* ApplicationServices.framework */,
				61F85449145A19BC002CA294 /* Foundation.framework */,
				F3D87C03281DF8FC005DA540 /* SDL2.framework */,
			);
			name = "Linked Frameworks";
			sourceTree = "<group>";
		};
		BE1FA76107AF72F5004B6283 /* Frameworks */ = {
			isa = PBXGroup;
			children = (
				F3E1AAEF281CBDD100740E39 /* MobileCoreServices.framework */,
				F3E1AAED281CBD9F00740E39 /* UIKit.framework */,
				F3E1AAEA281CBABD00740E39 /* CoreGraphics.framework */,
				F3E1AAE8281CBA7B00740E39 /* ImageIO.framework */,
				BE1FA76007AF72B1004B6283 /* Linked Frameworks */,
			);
			name = Frameworks;
			sourceTree = "<group>";
		};
		F307EE2E28282608003915D7 /* jpeg */ = {
			isa = PBXGroup;
			children = (
				F307EE302828264C003915D7 /* jaricom.c */,
				F307EE342828264C003915D7 /* jcapimin.c */,
				F307EE332828264C003915D7 /* jcapistd.c */,
				F307EE352828264C003915D7 /* jcarith.c */,
				F307EE312828264C003915D7 /* jccoefct.c */,
				F307EE322828264C003915D7 /* jccolor.c */,
				F307EE362828264C003915D7 /* jcdctmgr.c */,
				F307EE54282826FC003915D7 /* jchuff.c */,
				F307EE45282826FC003915D7 /* jcinit.c */,
				F307EE5A282826FC003915D7 /* jcmainct.c */,
				F307EE4F282826FC003915D7 /* jcmarker.c */,
				F307EE5B282826FC003915D7 /* jcmaster.c */,
				F307EE59282826FC003915D7 /* jcomapi.c */,
				F307EE51282826FC003915D7 /* jcparam.c */,
				F307EE60282826FC003915D7 /* jcprepct.c */,
				F307EE64282826FC003915D7 /* jcsample.c */,
				F307EE53282826FC003915D7 /* jctrans.c */,
				F307EE62282826FC003915D7 /* jdapimin.c */,
				F307EE66282826FC003915D7 /* jdapistd.c */,
				F307EE5D282826FC003915D7 /* jdarith.c */,
				F307EE47282826FC003915D7 /* jdatadst.c */,
				F307EE56282826FC003915D7 /* jdatasrc.c */,
				F307EE57282826FC003915D7 /* jdcoefct.c */,
				F307EE55282826FC003915D7 /* jdcolor.c */,
				F307EE4C282826FC003915D7 /* jddctmgr.c */,
				F307EE52282826FC003915D7 /* jdhuff.c */,
				F307EE46282826FC003915D7 /* jdinput.c */,
				F307EE4E282826FC003915D7 /* jdmainct.c */,
				F307EE63282826FC003915D7 /* jdmarker.c */,
				F307EE65282826FC003915D7 /* jdmaster.c */,
				F307EE58282826FC003915D7 /* jdmerge.c */,
				F307EE67282826FC003915D7 /* jdpostct.c */,
				F307EE48282826FC003915D7 /* jdsample.c */,
				F307EE49282826FC003915D7 /* jdtrans.c */,
				F307EE50282826FC003915D7 /* jerror.c */,
				F307EE4D282826FC003915D7 /* jfdctflt.c */,
				F307EE4A282826FC003915D7 /* jfdctfst.c */,
				F307EE4B282826FC003915D7 /* jfdctint.c */,
				F307EE68282826FC003915D7 /* jidctflt.c */,
				F307EEB728282912003915D7 /* jidctfst.c */,
				F307EEB528282912003915D7 /* jidctint.c */,
				F307EEB828282912003915D7 /* jmemansi.c */,
				F307EE5E282826FC003915D7 /* jmemmgr.c */,
				F307EE5C282826FC003915D7 /* jquant1.c */,
				F307EE69282826FC003915D7 /* jquant2.c */,
				F307EE61282826FC003915D7 /* jutils.c */,
			);
			name = jpeg;
			sourceTree = "<group>";
		};
		F307EFA92828C8FA003915D7 /* Products */ = {
			isa = PBXGroup;
			children = (
				F307EFAD2828C8FA003915D7 /* jxl.framework */,
			);
			name = Products;
			sourceTree = "<group>";
		};
		F3D87D16281EA88F005DA540 /* Products */ = {
			isa = PBXGroup;
			children = (
				F3D87D24281EA9D8005DA540 /* webp.framework */,
			);
			name = Products;
			sourceTree = "<group>";
		};
		F59C70FC00D5CB5801000001 /* pkg-support */ = {
			isa = PBXGroup;
			children = (
				F59C710100D5CB5801000001 /* resources */,
				F59C710600D5CB5801000001 /* SDL_image.info */,
			);
			path = "pkg-support";
			sourceTree = SOURCE_ROOT;
		};
		F59C710100D5CB5801000001 /* resources */ = {
			isa = PBXGroup;
			children = (
				F59C710300D5CB5801000001 /* ReadMe.txt */,
				F59C710400D5CB5801000001 /* Welcome.txt */,
			);
			path = resources;
			sourceTree = "<group>";
		};
/* End PBXGroup section */

/* Begin PBXHeadersBuildPhase section */
		BE1FA71907AF4C44004B6283 /* Headers */ = {
			isa = PBXHeadersBuildPhase;
			buildActionMask = 2147483647;
			files = (
				BE1FA71A07AF4C44004B6283 /* SDL_image.h in Headers */,
			);
			runOnlyForDeploymentPostprocessing = 0;
		};
		BE1FA73007AF4C45004B6283 /* Headers */ = {
			isa = PBXHeadersBuildPhase;
			buildActionMask = 2147483647;
			files = (
			);
			runOnlyForDeploymentPostprocessing = 0;
		};
/* End PBXHeadersBuildPhase section */

/* Begin PBXNativeTarget section */
		BE1FA71807AF4C44004B6283 /* Framework */ = {
			isa = PBXNativeTarget;
			buildConfigurationList = 00B7E3AA097EB73D00826121 /* Build configuration list for PBXNativeTarget "Framework" */;
			buildPhases = (
				BE1FA71907AF4C44004B6283 /* Headers */,
				BE1FA71B07AF4C44004B6283 /* Resources */,
				BE1FA71C07AF4C44004B6283 /* Sources */,
				BE1FA72A07AF4C44004B6283 /* Frameworks */,
				BE1FA72B07AF4C44004B6283 /* Rez */,
				AA9EE77214B27810008773C0 /* Copy Frameworks */,
				AA9EE77414B27854008773C0 /* Convert SDL includes to SDL Framework includes */,
			);
			buildRules = (
			);
			comments = "Installed into ~/Library/Frameworks/SDL_image.framework\n\nAdd -framework SDL_image to your linker flags\nAdd ~/Library/Frameworks/SDL_image.framework/Headers to your header search path\nAdd ~/Library/Frameworks to your library search path";
			dependencies = (
			);
			name = Framework;
			productInstallPath = "@executable_path/../Frameworks";
			productName = SDL_image;
			productReference = BE1FA72E07AF4C45004B6283 /* SDL2_image.framework */;
			productType = "com.apple.product-type.framework";
		};
		BE1FA72F07AF4C45004B6283 /* Static Library */ = {
			isa = PBXNativeTarget;
			buildConfigurationList = 00B7E3AE097EB73D00826121 /* Build configuration list for PBXNativeTarget "Static Library" */;
			buildPhases = (
				BE1FA73007AF4C45004B6283 /* Headers */,
				BE1FA73107AF4C45004B6283 /* Sources */,
				BE1FA73F07AF4C45004B6283 /* Frameworks */,
				BE1FA74007AF4C45004B6283 /* Rez */,
			);
			buildRules = (
			);
			dependencies = (
			);
			name = "Static Library";
			productInstallPath = /usr/local/lib;
			productName = "Static Library";
			productReference = BE1FA74107AF4C45004B6283 /* libSDL2_image.a */;
			productType = "com.apple.product-type.library.static";
		};
		BE1FA74207AF4C45004B6283 /* Create DMG */ = {
			isa = PBXNativeTarget;
			buildConfigurationList = 00B7E3B2097EB73D00826121 /* Build configuration list for PBXNativeTarget "Create DMG" */;
			buildPhases = (
				BE1FA74407AF4C45004B6283 /* ShellScript */,
			);
			buildRules = (
			);
			dependencies = (
				BE1FA74D07AF4C45004B6283 /* PBXTargetDependency */,
			);
			name = "Create DMG";
			productInstallPath = /usr/local/bin;
			productName = "Standard Package";
			productReference = BE1FA74507AF4C45004B6283 /* Create DMG */;
			productType = "com.apple.product-type.tool";
		};
/* End PBXNativeTarget section */

/* Begin PBXProject section */
		0867D690FE84028FC02AAC07 /* Project object */ = {
			isa = PBXProject;
			attributes = {
				LastUpgradeCheck = 0630;
			};
			buildConfigurationList = 00B7E3B6097EB73D00826121 /* Build configuration list for PBXProject "SDL_image" */;
			compatibilityVersion = "Xcode 3.2";
			developmentRegion = English;
			hasScannedForEncodings = 1;
			knownRegions = (
				English,
				Japanese,
				French,
				German,
			);
			mainGroup = 0867D691FE84028FC02AAC07 /* SDL_imageFramework */;
			productRefGroup = 034768DDFF38A45A11DB9C8B /* Products */;
			projectDirPath = "";
			projectReferences = (
				{
					ProductGroup = F307EFA92828C8FA003915D7 /* Products */;
					ProjectRef = F307EFA82828C8FA003915D7 /* jxl.xcodeproj */;
				},
				{
					ProductGroup = F3D87D16281EA88F005DA540 /* Products */;
					ProjectRef = F3D87D15281EA88F005DA540 /* webp.xcodeproj */;
				},
			);
			projectRoot = ..;
			targets = (
				BE1FA71807AF4C44004B6283 /* Framework */,
				BE1FA72F07AF4C45004B6283 /* Static Library */,
				BE1FA74207AF4C45004B6283 /* Create DMG */,
			);
		};
/* End PBXProject section */

/* Begin PBXReferenceProxy section */
		F307EFAD2828C8FA003915D7 /* jxl.framework */ = {
			isa = PBXReferenceProxy;
			fileType = wrapper.framework;
			path = jxl.framework;
			remoteRef = F307EFAC2828C8FA003915D7 /* PBXContainerItemProxy */;
			sourceTree = BUILT_PRODUCTS_DIR;
		};
		F3D87D24281EA9D8005DA540 /* webp.framework */ = {
			isa = PBXReferenceProxy;
			fileType = wrapper.framework;
			path = webp.framework;
			remoteRef = F3D87D23281EA9D8005DA540 /* PBXContainerItemProxy */;
			sourceTree = BUILT_PRODUCTS_DIR;
		};
/* End PBXReferenceProxy section */

/* Begin PBXResourcesBuildPhase section */
		BE1FA71B07AF4C44004B6283 /* Resources */ = {
			isa = PBXResourcesBuildPhase;
			buildActionMask = 2147483647;
			files = (
			);
			runOnlyForDeploymentPostprocessing = 0;
		};
/* End PBXResourcesBuildPhase section */

/* Begin PBXRezBuildPhase section */
		BE1FA72B07AF4C44004B6283 /* Rez */ = {
			isa = PBXRezBuildPhase;
			buildActionMask = 2147483647;
			files = (
			);
			runOnlyForDeploymentPostprocessing = 0;
		};
		BE1FA74007AF4C45004B6283 /* Rez */ = {
			isa = PBXRezBuildPhase;
			buildActionMask = 2147483647;
			files = (
			);
			runOnlyForDeploymentPostprocessing = 0;
		};
/* End PBXRezBuildPhase section */

/* Begin PBXShellScriptBuildPhase section */
		AA9EE77414B27854008773C0 /* Convert SDL includes to SDL Framework includes */ = {
			isa = PBXShellScriptBuildPhase;
			buildActionMask = 2147483647;
			files = (
			);
			inputPaths = (
			);
			name = "Convert SDL includes to SDL Framework includes";
			outputPaths = (
			);
			runOnlyForDeploymentPostprocessing = 0;
			shellPath = /bin/sh;
			shellScript = "cd \"$BUILT_PRODUCTS_DIR/$PUBLIC_HEADERS_FOLDER_PATH\"\nsed -i '' -e 's,#include \"\\(.*\\)\",#include <SDL2/\\1>,' *.h\n";
		};
		BE1FA74407AF4C45004B6283 /* ShellScript */ = {
			isa = PBXShellScriptBuildPhase;
			buildActionMask = 2147483647;
			files = (
			);
			runOnlyForDeploymentPostprocessing = 0;
			shellPath = /bin/sh;
			shellScript = "PRODUCT_NAME=SDL2_image\n\n# Sign framework\nif [ \"$SDL_CODESIGN_IDENTITY\" != \"\" ]; then\n    codesign --force --deep --sign \"$SDL_CODESIGN_IDENTITY\" $TARGET_BUILD_DIR/$PRODUCT_NAME.framework/Versions/A || exit $?\nfi\n\n# clean up the framework, remove headers, extra files\nmkdir -p build/dmg-tmp\ncp -a $TARGET_BUILD_DIR/$PRODUCT_NAME.framework build/dmg-tmp/\ncp pkg-support/resources/ReadMe.txt build/dmg-tmp\n\n# remove the .DS_Store files if any (we may want to provide one in the future for fancy .dmgs)\nrm -rf build/dmg-tmp/.DS_Store\n\n# create the dmg\nhdiutil create -ov -fs HFS+ -volname $PRODUCT_NAME -srcfolder build/dmg-tmp build/$PRODUCT_NAME.dmg\n\n# clean up\nrm -rf build/dmg-tmp\n";
		};
/* End PBXShellScriptBuildPhase section */

/* Begin PBXSourcesBuildPhase section */
		BE1FA71C07AF4C44004B6283 /* Sources */ = {
			isa = PBXSourcesBuildPhase;
			buildActionMask = 2147483647;
			files = (
				F307EE7A282826FC003915D7 /* jfdctflt.c in Sources */,
				F307EE8E282826FC003915D7 /* jdcoefct.c in Sources */,
				F307EEAE282826FC003915D7 /* jdpostct.c in Sources */,
				F307EE72282826FC003915D7 /* jdtrans.c in Sources */,
				F307EE84282826FC003915D7 /* jdhuff.c in Sources */,
				F307EE392828264D003915D7 /* jccoefct.c in Sources */,
				AA579DF2161C07E6005F809B /* IMG_bmp.c in Sources */,
				AA579DF4161C07E7005F809B /* IMG_gif.c in Sources */,
				F307EEB928282912003915D7 /* jidctint.c in Sources */,
				AA579DF6161C07E7005F809B /* IMG_ImageIO.m in Sources */,
				AA579DF8161C07E7005F809B /* IMG_jpg.c in Sources */,
				AA579DFA161C07E7005F809B /* IMG_lbm.c in Sources */,
				F307EE6E282826FC003915D7 /* jdatadst.c in Sources */,
				F307EEAC282826FC003915D7 /* jdapistd.c in Sources */,
				F307EE70282826FC003915D7 /* jdsample.c in Sources */,
				F307EE9C282826FC003915D7 /* jmemmgr.c in Sources */,
				F307EE82282826FC003915D7 /* jcparam.c in Sources */,
				F307EE6C282826FC003915D7 /* jdinput.c in Sources */,
				F307EE6A282826FC003915D7 /* jcinit.c in Sources */,
				F307EE90282826FC003915D7 /* jdmerge.c in Sources */,
				F307EEB0282826FC003915D7 /* jidctflt.c in Sources */,
				AA579DFC161C07E7005F809B /* IMG_pcx.c in Sources */,
				F307EE86282826FC003915D7 /* jctrans.c in Sources */,
				F307EEA6282826FC003915D7 /* jdmarker.c in Sources */,
				AA579DFE161C07E7005F809B /* IMG_png.c in Sources */,
				F307EE88282826FC003915D7 /* jchuff.c in Sources */,
				F307EE96282826FC003915D7 /* jcmaster.c in Sources */,
				F307EEBB28282912003915D7 /* jidctfst.c in Sources */,
				F307EEA2282826FC003915D7 /* jutils.c in Sources */,
				AA579E00161C07E7005F809B /* IMG_pnm.c in Sources */,
				F307EE3D2828264D003915D7 /* jcapistd.c in Sources */,
				F307EE432828264D003915D7 /* jcdctmgr.c in Sources */,
				AA579E02161C07E7005F809B /* IMG_tga.c in Sources */,
				F307EE76282826FC003915D7 /* jfdctint.c in Sources */,
				F307EEA0282826FC003915D7 /* jcprepct.c in Sources */,
				F307EEB2282826FC003915D7 /* jquant2.c in Sources */,
				AA579E04161C07E7005F809B /* IMG_tif.c in Sources */,
				F307EEAA282826FC003915D7 /* jdmaster.c in Sources */,
				F307EE372828264D003915D7 /* jaricom.c in Sources */,
				AA579E06161C07E7005F809B /* IMG_webp.c in Sources */,
				F307EE94282826FC003915D7 /* jcmainct.c in Sources */,
				F307EE7E282826FC003915D7 /* jcmarker.c in Sources */,
				F307EE92282826FC003915D7 /* jcomapi.c in Sources */,
				AA579E08161C07E7005F809B /* IMG_xcf.c in Sources */,
				F307EE412828264D003915D7 /* jcarith.c in Sources */,
				AA579E0A161C07E7005F809B /* IMG_xpm.c in Sources */,
				F307EE3B2828264D003915D7 /* jccolor.c in Sources */,
				F307EEBD28282912003915D7 /* jmemansi.c in Sources */,
				F307EE9A282826FC003915D7 /* jdarith.c in Sources */,
				F354743E2828CA66007E9EDA /* IMG_jxl.c in Sources */,
				AA579E0C161C07E7005F809B /* IMG_xv.c in Sources */,
				F307EE80282826FC003915D7 /* jerror.c in Sources */,
				F307EE8A282826FC003915D7 /* jdcolor.c in Sources */,
				F307EE3F2828264D003915D7 /* jcapimin.c in Sources */,
				F307EE7C282826FC003915D7 /* jdmainct.c in Sources */,
				AA579E0E161C07E7005F809B /* IMG_xxx.c in Sources */,
				AA579E10161C07E7005F809B /* IMG.c in Sources */,
				F307EE8C282826FC003915D7 /* jdatasrc.c in Sources */,
				F307EEA4282826FC003915D7 /* jdapimin.c in Sources */,
				F307EEA8282826FC003915D7 /* jcsample.c in Sources */,
				F307EE78282826FC003915D7 /* jddctmgr.c in Sources */,
				F307EE98282826FC003915D7 /* jquant1.c in Sources */,
				F307EE74282826FC003915D7 /* jfdctfst.c in Sources */,
				AA50AA471F9C7C50003B9C0C /* IMG_svg.c in Sources */,
				6313BF532785566D00F268AD /* IMG_qoi.c in Sources */,
			);
			runOnlyForDeploymentPostprocessing = 0;
		};
		BE1FA73107AF4C45004B6283 /* Sources */ = {
			isa = PBXSourcesBuildPhase;
			buildActionMask = 2147483647;
			files = (
				F307EE7B282826FC003915D7 /* jfdctflt.c in Sources */,
				F307EE8F282826FC003915D7 /* jdcoefct.c in Sources */,
				F307EEAF282826FC003915D7 /* jdpostct.c in Sources */,
				F307EE73282826FC003915D7 /* jdtrans.c in Sources */,
				F307EE85282826FC003915D7 /* jdhuff.c in Sources */,
				F307EE3A2828264D003915D7 /* jccoefct.c in Sources */,
				AA579DF3161C07E7005F809B /* IMG_bmp.c in Sources */,
				AA579DF5161C07E7005F809B /* IMG_gif.c in Sources */,
				F307EEBA28282912003915D7 /* jidctint.c in Sources */,
				AA579DF7161C07E7005F809B /* IMG_ImageIO.m in Sources */,
				AA579DF9161C07E7005F809B /* IMG_jpg.c in Sources */,
				AA579DFB161C07E7005F809B /* IMG_lbm.c in Sources */,
				F307EE6F282826FC003915D7 /* jdatadst.c in Sources */,
				F307EEAD282826FC003915D7 /* jdapistd.c in Sources */,
				F307EE71282826FC003915D7 /* jdsample.c in Sources */,
				F307EE9D282826FC003915D7 /* jmemmgr.c in Sources */,
				F307EE83282826FC003915D7 /* jcparam.c in Sources */,
				F307EE6D282826FC003915D7 /* jdinput.c in Sources */,
				F307EE6B282826FC003915D7 /* jcinit.c in Sources */,
				F307EE91282826FC003915D7 /* jdmerge.c in Sources */,
				F307EEB1282826FC003915D7 /* jidctflt.c in Sources */,
				AA579DFD161C07E7005F809B /* IMG_pcx.c in Sources */,
				F307EE87282826FC003915D7 /* jctrans.c in Sources */,
				F307EEA7282826FC003915D7 /* jdmarker.c in Sources */,
				AA579DFF161C07E7005F809B /* IMG_png.c in Sources */,
				F307EE89282826FC003915D7 /* jchuff.c in Sources */,
				F307EE97282826FC003915D7 /* jcmaster.c in Sources */,
				F307EEBC28282912003915D7 /* jidctfst.c in Sources */,
				F307EEA3282826FC003915D7 /* jutils.c in Sources */,
				AA579E01161C07E7005F809B /* IMG_pnm.c in Sources */,
				F307EE3E2828264D003915D7 /* jcapistd.c in Sources */,
				F307EE442828264D003915D7 /* jcdctmgr.c in Sources */,
				AA579E03161C07E7005F809B /* IMG_tga.c in Sources */,
				F307EE77282826FC003915D7 /* jfdctint.c in Sources */,
				F307EEA1282826FC003915D7 /* jcprepct.c in Sources */,
				F307EEB3282826FC003915D7 /* jquant2.c in Sources */,
				AA579E05161C07E7005F809B /* IMG_tif.c in Sources */,
				F307EEAB282826FC003915D7 /* jdmaster.c in Sources */,
				F307EE382828264D003915D7 /* jaricom.c in Sources */,
				AA579E07161C07E7005F809B /* IMG_webp.c in Sources */,
				F307EE95282826FC003915D7 /* jcmainct.c in Sources */,
				F307EE7F282826FC003915D7 /* jcmarker.c in Sources */,
				F307EE93282826FC003915D7 /* jcomapi.c in Sources */,
				AA579E09161C07E7005F809B /* IMG_xcf.c in Sources */,
				F307EE422828264D003915D7 /* jcarith.c in Sources */,
				AA579E0B161C07E7005F809B /* IMG_xpm.c in Sources */,
				F307EE3C2828264D003915D7 /* jccolor.c in Sources */,
				F307EEBE28282912003915D7 /* jmemansi.c in Sources */,
				F307EE9B282826FC003915D7 /* jdarith.c in Sources */,
				F354743F2828CA66007E9EDA /* IMG_jxl.c in Sources */,
				AA579E0D161C07E7005F809B /* IMG_xv.c in Sources */,
				F307EE81282826FC003915D7 /* jerror.c in Sources */,
				F307EE8B282826FC003915D7 /* jdcolor.c in Sources */,
				F307EE402828264D003915D7 /* jcapimin.c in Sources */,
				F307EE7D282826FC003915D7 /* jdmainct.c in Sources */,
				AA579E0F161C07E7005F809B /* IMG_xxx.c in Sources */,
				AA579E11161C07E7005F809B /* IMG.c in Sources */,
				F307EE8D282826FC003915D7 /* jdatasrc.c in Sources */,
				F307EEA5282826FC003915D7 /* jdapimin.c in Sources */,
				F307EEA9282826FC003915D7 /* jcsample.c in Sources */,
				F307EE79282826FC003915D7 /* jddctmgr.c in Sources */,
				F307EE99282826FC003915D7 /* jquant1.c in Sources */,
				F307EE75282826FC003915D7 /* jfdctfst.c in Sources */,
				AA23FC7D20A2A1B90017DFB9 /* IMG_svg.c in Sources */,
				6313BF542785566D00F268AD /* IMG_qoi.c in Sources */,
			);
			runOnlyForDeploymentPostprocessing = 0;
		};
/* End PBXSourcesBuildPhase section */

/* Begin PBXTargetDependency section */
		BE1FA74D07AF4C45004B6283 /* PBXTargetDependency */ = {
			isa = PBXTargetDependency;
			target = BE1FA71807AF4C44004B6283 /* Framework */;
			targetProxy = BE1FA74C07AF4C45004B6283 /* PBXContainerItemProxy */;
		};
/* End PBXTargetDependency section */

/* Begin XCBuildConfiguration section */
		007288110F0DA5BA00C302A9 /* Debug */ = {
			isa = XCBuildConfiguration;
			buildSettings = {
				ALLOW_TARGET_PLATFORM_SPECIALIZATION = YES;
				COPY_PHASE_STRIP = NO;
				DYLIB_COMPATIBILITY_VERSION = 3.0.0;
				DYLIB_CURRENT_VERSION = 501.0.0;
				DYLIB_INSTALL_NAME_BASE = "@rpath";
				ENABLE_TESTABILITY = YES;
				FRAMEWORK_SEARCH_PATHS = "\"$(SRCROOT)/$(PLATFORM)\"";
				GCC_OPTIMIZATION_LEVEL = 0;
				GCC_PREPROCESSOR_DEFINITIONS = (
					LOAD_BMP,
					LOAD_GIF,
					LOAD_JPG,
					LOAD_JXL,
					LOAD_LBM,
					LOAD_PCX,
					LOAD_PNG,
					LOAD_PNM,
					LOAD_QOI,
					LOAD_SVG,
					LOAD_TGA,
					LOAD_TIF,
					LOAD_WEBP,
					LOAD_XPM,
					LOAD_XV,
				);
				GCC_SYMBOLS_PRIVATE_EXTERN = YES;
				HEADER_SEARCH_PATHS = (
					"\"$(SRCROOT)/$(PLATFORM)/SDL2.framework/Headers\"",
					"\"$(SRCROOT)/../external/jpeg\"",
				);
				INFOPLIST_FILE = "Info-Framework.plist";
				IPHONEOS_DEPLOYMENT_TARGET = 8.0;
				LD_RUNPATH_SEARCH_PATHS = (
					"$(inherited)",
					"@executable_path/Frameworks",
					"@loader_path/Frameworks",
				);
				MACOSX_DEPLOYMENT_TARGET = 10.6;
				ONLY_ACTIVE_ARCH = YES;
				PLATFORM = "";
				"PLATFORM[sdk=appletvos*]" = tvOS;
				"PLATFORM[sdk=iphoneos*]" = iOS;
				"PLATFORM[sdk=macosx*]" = macOS;
				PRODUCT_BUNDLE_IDENTIFIER = "org.libsdl.SDL2-image";
				PRODUCT_NAME = SDL2_image;
				SUPPORTED_PLATFORMS = "watchsimulator watchos macosx iphonesimulator iphoneos driverkit appletvsimulator appletvos";
				SUPPORTS_MACCATALYST = YES;
				TVOS_DEPLOYMENT_TARGET = 9.0;
			};
			name = Debug;
		};
		007288120F0DA5BA00C302A9 /* Debug */ = {
			isa = XCBuildConfiguration;
			buildSettings = {
				OTHER_LDFLAGS = (
					"-weak_framework",
					jxl,
					"-weak_framework",
					webp,
				);
			};
			name = Debug;
		};
		007288130F0DA5BA00C302A9 /* Debug */ = {
			isa = XCBuildConfiguration;
			buildSettings = {
			};
			name = Debug;
		};
		007288140F0DA5BA00C302A9 /* Debug */ = {
			isa = XCBuildConfiguration;
			buildSettings = {
				GCC_DYNAMIC_NO_PIC = NO;
				GCC_GENERATE_DEBUGGING_SYMBOLS = YES;
				GCC_OPTIMIZATION_LEVEL = 0;
				OTHER_CFLAGS = "";
				OTHER_LDFLAGS = "";
				OTHER_REZFLAGS = "";
				PRODUCT_NAME = "Create DMG";
				REZ_EXECUTABLE = YES;
				SECTORDER_FLAGS = "";
				WARNING_CFLAGS = (
					"-Wmost",
					"-Wno-four-char-constants",
					"-Wno-unknown-pragmas",
				);
				ZERO_LINK = YES;
			};
			name = Debug;
		};
		007288150F0DA5C400C302A9 /* Release */ = {
			isa = XCBuildConfiguration;
			buildSettings = {
				ALLOW_TARGET_PLATFORM_SPECIALIZATION = YES;
				DEPLOYMENT_POSTPROCESSING = YES;
				DYLIB_COMPATIBILITY_VERSION = 3.0.0;
				DYLIB_CURRENT_VERSION = 501.0.0;
				DYLIB_INSTALL_NAME_BASE = "@rpath";
				FRAMEWORK_SEARCH_PATHS = "\"$(SRCROOT)/$(PLATFORM)\"";
				GCC_GENERATE_DEBUGGING_SYMBOLS = NO;
				GCC_PREPROCESSOR_DEFINITIONS = (
					LOAD_BMP,
					LOAD_GIF,
					LOAD_JPG,
					LOAD_JXL,
					LOAD_LBM,
					LOAD_PCX,
					LOAD_PNG,
					LOAD_PNM,
					LOAD_QOI,
					LOAD_SVG,
					LOAD_TGA,
					LOAD_TIF,
					LOAD_WEBP,
					LOAD_XPM,
					LOAD_XV,
				);
				GCC_SYMBOLS_PRIVATE_EXTERN = YES;
				HEADER_SEARCH_PATHS = (
					"\"$(SRCROOT)/$(PLATFORM)/SDL2.framework/Headers\"",
					"\"$(SRCROOT)/../external/jpeg\"",
				);
				INFOPLIST_FILE = "Info-Framework.plist";
				IPHONEOS_DEPLOYMENT_TARGET = 8.0;
				LD_RUNPATH_SEARCH_PATHS = (
					"$(inherited)",
					"@executable_path/Frameworks",
					"@loader_path/Frameworks",
				);
				MACOSX_DEPLOYMENT_TARGET = 10.6;
				PLATFORM = "";
				"PLATFORM[sdk=appletvos*]" = tvOS;
				"PLATFORM[sdk=iphoneos*]" = iOS;
				"PLATFORM[sdk=macosx*]" = macOS;
				PRODUCT_BUNDLE_IDENTIFIER = "org.libsdl.SDL2-image";
				PRODUCT_NAME = SDL2_image;
				SUPPORTED_PLATFORMS = "watchsimulator watchos macosx iphonesimulator iphoneos driverkit appletvsimulator appletvos";
				SUPPORTS_MACCATALYST = YES;
				TVOS_DEPLOYMENT_TARGET = 9.0;
			};
			name = Release;
		};
		007288160F0DA5C400C302A9 /* Release */ = {
			isa = XCBuildConfiguration;
			buildSettings = {
				OTHER_LDFLAGS = (
					"-weak_framework",
					jxl,
					"-weak_framework",
					webp,
				);
			};
			name = Release;
		};
		007288170F0DA5C400C302A9 /* Release */ = {
			isa = XCBuildConfiguration;
			buildSettings = {
			};
			name = Release;
		};
		007288180F0DA5C400C302A9 /* Release */ = {
			isa = XCBuildConfiguration;
			buildSettings = {
				OTHER_CFLAGS = "";
				OTHER_LDFLAGS = "";
				OTHER_REZFLAGS = "";
				PRODUCT_NAME = "Create DMG";
				REZ_EXECUTABLE = YES;
				SECTORDER_FLAGS = "";
				WARNING_CFLAGS = (
					"-Wmost",
					"-Wno-four-char-constants",
					"-Wno-unknown-pragmas",
				);
				ZERO_LINK = NO;
			};
			name = Release;
		};
/* End XCBuildConfiguration section */

/* Begin XCConfigurationList section */
		00B7E3AA097EB73D00826121 /* Build configuration list for PBXNativeTarget "Framework" */ = {
			isa = XCConfigurationList;
			buildConfigurations = (
				007288160F0DA5C400C302A9 /* Release */,
				007288120F0DA5BA00C302A9 /* Debug */,
			);
			defaultConfigurationIsVisible = 0;
			defaultConfigurationName = Release;
		};
		00B7E3AE097EB73D00826121 /* Build configuration list for PBXNativeTarget "Static Library" */ = {
			isa = XCConfigurationList;
			buildConfigurations = (
				007288170F0DA5C400C302A9 /* Release */,
				007288130F0DA5BA00C302A9 /* Debug */,
			);
			defaultConfigurationIsVisible = 0;
			defaultConfigurationName = Release;
		};
		00B7E3B2097EB73D00826121 /* Build configuration list for PBXNativeTarget "Create DMG" */ = {
			isa = XCConfigurationList;
			buildConfigurations = (
				007288180F0DA5C400C302A9 /* Release */,
				007288140F0DA5BA00C302A9 /* Debug */,
			);
			defaultConfigurationIsVisible = 0;
			defaultConfigurationName = Release;
		};
		00B7E3B6097EB73D00826121 /* Build configuration list for PBXProject "SDL_image" */ = {
			isa = XCConfigurationList;
			buildConfigurations = (
				007288150F0DA5C400C302A9 /* Release */,
				007288110F0DA5BA00C302A9 /* Debug */,
			);
			defaultConfigurationIsVisible = 0;
			defaultConfigurationName = Release;
		};
/* End XCConfigurationList section */
	};
	rootObject = 0867D690FE84028FC02AAC07 /* Project object */;
}
