<?xml version="1.0" encoding="utf-8"?>
<Project ToolsVersion="4.0" xmlns="http://schemas.microsoft.com/developer/msbuild/2003">
  <ItemGroup>
    <ClCompile Include="..\..\showimage.c" />
  </ItemGroup>
  <ItemGroup>
    <Filter Include="x86">
      <UniqueIdentifier>{ae549131-6d3b-46b0-ad4f-dfb7307a17f3}</UniqueIdentifier>
    </Filter>
    <Filter Include="x64">
      <UniqueIdentifier>{af5aa8b1-7a6e-43ea-a4a3-9f8cf1ae579b}</UniqueIdentifier>
    </Filter>
  </ItemGroup>
  <ItemGroup>
    <CustomBuild Include="..\external\lib\x64\LICENSE.zlib.txt">
      <Filter>x64</Filter>
    </CustomBuild>
    <CustomBuild Include="..\external\lib\x64\LICENSE.webp.txt">
      <Filter>x64</Filter>
    </CustomBuild>
    <CustomBuild Include="..\external\lib\x64\LICENSE.tiff.txt">
      <Filter>x64</Filter>
    </CustomBuild>
    <CustomBuild Include="..\external\lib\x64\LICENSE.png.txt">
      <Filter>x64</Filter>
    </CustomBuild>
    <CustomBuild Include="..\external\lib\x64\LICENSE.jpeg.txt">
      <Filter>x64</Filter>
    </CustomBuild>
    <CustomBuild Include="..\external\lib\x64\libwebp-4.dll">
      <Filter>x64</Filter>
    </CustomBuild>
    <CustomBuild Include="..\external\lib\x64\libtiff-5.dll">
      <Filter>x64</Filter>
    </CustomBuild>
    <CustomBuild Include="..\external\lib\x64\libpng16-16.dll">
      <Filter>x64</Filter>
    </CustomBuild>
    <CustomBuild Include="..\external\lib\x64\zlib1.dll">
      <Filter>x64</Filter>
    </CustomBuild>
    <CustomBuild Include="..\external\lib\x64\libjpeg-9.dll">
      <Filter>x64</Filter>
    </CustomBuild>
    <CustomBuild Include="..\external\lib\x86\LICENSE.zlib.txt">
      <Filter>x86</Filter>
    </CustomBuild>
    <CustomBuild Include="..\external\lib\x86\LICENSE.webp.txt">
      <Filter>x86</Filter>
    </CustomBuild>
    <CustomBuild Include="..\external\lib\x86\LICENSE.tiff.txt">
      <Filter>x86</Filter>
    </CustomBuild>
    <CustomBuild Include="..\external\lib\x86\LICENSE.png.txt">
      <Filter>x86</Filter>
    </CustomBuild>
    <CustomBuild Include="..\external\lib\x86\LICENSE.jpeg.txt">
      <Filter>x86</Filter>
    </CustomBuild>
    <CustomBuild Include="..\external\lib\x86\libwebp-4.dll">
      <Filter>x86</Filter>
    </CustomBuild>
    <CustomBuild Include="..\external\lib\x86\libtiff-5.dll">
      <Filter>x86</Filter>
    </CustomBuild>
    <CustomBuild Include="..\external\lib\x86\libpng16-16.dll">
      <Filter>x86</Filter>
    </CustomBuild>
    <CustomBuild Include="..\external\lib\x86\zlib1.dll">
      <Filter>x86</Filter>
    </CustomBuild>
    <CustomBuild Include="..\external\lib\x86\libjpeg-9.dll">
      <Filter>x86</Filter>
    </CustomBuild>
  </ItemGroup>
</Project>